# This file is automatically @generated by Cargo.
# It is not intended for manual editing.
version = 4

[[package]]
name = "common"
version = "0.1.0"

[[package]]
name = "customer"
version = "0.1.0"
dependencies = [
 "common",
]

[[package]]
name = "payment"
version = "0.1.0"
dependencies = [
 "common",
]

[[package]]
name = "pedidos-rust"
version = "0.1.0"
dependencies = [
 "common",
]

[[package]]
name = "restaurant"
version = "0.1.0"
dependencies = [
 "common",
]

[[package]]
name = "rider"
version = "0.1.0"
dependencies = [
 "common",
]
